{
  "name": "battlefield-data",
  "version": "1.0.0",
  "lockfileVersion": 1,
  "requires": true,
  "dependencies": {
    "battlefield-stats": {
      "version": "1.0.8",
      "resolved": "https://registry.npmjs.org/battlefield-stats/-/battlefield-stats-1.0.8.tgz",
      "integrity": "sha1-dqf6rW7yWlLMkCl8tZ8HX+DbhLQ="
    },
    "battlefield-stats-express": {
      "version": "1.0.1",
      "resolved": "https://registry.npmjs.org/battlefield-stats-express/-/battlefield-stats-express-1.0.1.tgz",
      "integrity": "sha1-xkz6ee7ioES17x0Rh82AKwScuro=",
      "requires": {
        "battlefield-stats": "1.0.8"
      }
    }
  }
}
